// !$*UTF8*$!
{
	archiveVersion = 1;
	classes = {
	};
	objectVersion = 46;
	objects = {

/* Begin PBXBuildFile section */
		1958837BD0AB946A69892DEC /* Pods_SwiftChineseTests.framework in Frameworks */ = {isa = PBXBuildFile; fileRef = 3E6D13EBF1EAFD920229AEBC /* Pods_SwiftChineseTests.framework */; };
		852574691DFA91260034993D /* String+md5.swift in Sources */ = {isa = PBXBuildFile; fileRef = 852574681DFA91260034993D /* String+md5.swift */; };
		8525747F1DFD43E90034993D /* DictionaryExport.swift in Sources */ = {isa = PBXBuildFile; fileRef = 8525747E1DFD43E90034993D /* DictionaryExport.swift */; };
		852574801DFD4CFE0034993D /* DictionaryExport.swift in Headers */ = {isa = PBXBuildFile; fileRef = 8525747E1DFD43E90034993D /* DictionaryExport.swift */; };
		852574841DFFB83B0034993D /* DictionaryExportInfo.swift in Sources */ = {isa = PBXBuildFile; fileRef = 852574831DFFB83B0034993D /* DictionaryExportInfo.swift */; };
		852633761DF5D64000621DBA /* Dictionary.swift in Sources */ = {isa = PBXBuildFile; fileRef = 852633751DF5D64000621DBA /* Dictionary.swift */; };
		852633891DF6BB5B00621DBA /* ChineseEntry+CoreDataClass.swift in Sources */ = {isa = PBXBuildFile; fileRef = 852633831DF6BB5B00621DBA /* ChineseEntry+CoreDataClass.swift */; };
		8526338A1DF6BB5B00621DBA /* ChineseEntry+CoreDataProperties.swift in Sources */ = {isa = PBXBuildFile; fileRef = 852633841DF6BB5B00621DBA /* ChineseEntry+CoreDataProperties.swift */; };
		8526338B1DF6BB5B00621DBA /* EnglishEntry+CoreDataClass.swift in Sources */ = {isa = PBXBuildFile; fileRef = 852633851DF6BB5B00621DBA /* EnglishEntry+CoreDataClass.swift */; };
		8526338C1DF6BB5B00621DBA /* EnglishEntry+CoreDataProperties.swift in Sources */ = {isa = PBXBuildFile; fileRef = 852633861DF6BB5B00621DBA /* EnglishEntry+CoreDataProperties.swift */; };
		8526338D1DF6BB5B00621DBA /* Entry+CoreDataClass.swift in Sources */ = {isa = PBXBuildFile; fileRef = 852633871DF6BB5B00621DBA /* Entry+CoreDataClass.swift */; };
		852633911DF6CCFE00621DBA /* Dictionary.swift in Headers */ = {isa = PBXBuildFile; fileRef = 852633751DF5D64000621DBA /* Dictionary.swift */; };
		852633A31DF7290500621DBA /* Entry+CoreDataProperties.swift in Sources */ = {isa = PBXBuildFile; fileRef = 852633A21DF7290500621DBA /* Entry+CoreDataProperties.swift */; };
		852633A61DF8112A00621DBA /* Translation.swift in Sources */ = {isa = PBXBuildFile; fileRef = 852633A51DF8112A00621DBA /* Translation.swift */; };
		852633A81DF8171E00621DBA /* Importer.swift in Sources */ = {isa = PBXBuildFile; fileRef = 852633A71DF8171E00621DBA /* Importer.swift */; };
		852633AA1DF8198400621DBA /* Translation.swift in Headers */ = {isa = PBXBuildFile; fileRef = 852633A51DF8112A00621DBA /* Translation.swift */; };
		85F7F1A41DF131FA00F4FBFB /* SwiftChinese.framework in Frameworks */ = {isa = PBXBuildFile; fileRef = 85F7F19A1DF131FA00F4FBFB /* SwiftChinese.framework */; };
		85F7F1A91DF131FA00F4FBFB /* SwiftChineseTests.swift in Sources */ = {isa = PBXBuildFile; fileRef = 85F7F1A81DF131FA00F4FBFB /* SwiftChineseTests.swift */; };
		85F7F1AB1DF131FA00F4FBFB /* SwiftChinese.h in Headers */ = {isa = PBXBuildFile; fileRef = 85F7F19D1DF131FA00F4FBFB /* SwiftChinese.h */; settings = {ATTRIBUTES = (Public, ); }; };
		85F7F1B61DF132BD00F4FBFB /* CoreData.framework in Frameworks */ = {isa = PBXBuildFile; fileRef = 85F7F1B51DF132BD00F4FBFB /* CoreData.framework */; };
		85F7F1BA1DF1347D00F4FBFB /* DictionaryModel.xcdatamodeld in Sources */ = {isa = PBXBuildFile; fileRef = 85F7F1B81DF1347D00F4FBFB /* DictionaryModel.xcdatamodeld */; };
		85F7F1BC1DF134EF00F4FBFB /* DataController.swift in Sources */ = {isa = PBXBuildFile; fileRef = 85F7F1BB1DF134EF00F4FBFB /* DataController.swift */; };
		AA88BD07B3CBD7AD3E61E802 /* Pods_SwiftChinese.framework in Frameworks */ = {isa = PBXBuildFile; fileRef = 102D027A0E5903A75A9F2668 /* Pods_SwiftChinese.framework */; };
/* End PBXBuildFile section */

/* Begin PBXContainerItemProxy section */
		85F7F1A51DF131FA00F4FBFB /* PBXContainerItemProxy */ = {
			isa = PBXContainerItemProxy;
			containerPortal = 85F7F1911DF131FA00F4FBFB /* Project object */;
			proxyType = 1;
			remoteGlobalIDString = 85F7F1991DF131FA00F4FBFB;
			remoteInfo = SwiftChinese;
		};
/* End PBXContainerItemProxy section */

/* Begin PBXFileReference section */
		102D027A0E5903A75A9F2668 /* Pods_SwiftChinese.framework */ = {isa = PBXFileReference; explicitFileType = wrapper.framework; includeInIndex = 0; path = Pods_SwiftChinese.framework; sourceTree = BUILT_PRODUCTS_DIR; };
		2B5BD186DDAF57476846920D /* Pods-SwiftChinese.release.xcconfig */ = {isa = PBXFileReference; includeInIndex = 1; lastKnownFileType = text.xcconfig; name = "Pods-SwiftChinese.release.xcconfig"; path = "Pods/Target Support Files/Pods-SwiftChinese/Pods-SwiftChinese.release.xcconfig"; sourceTree = "<group>"; };
		3E6D13EBF1EAFD920229AEBC /* Pods_SwiftChineseTests.framework */ = {isa = PBXFileReference; explicitFileType = wrapper.framework; includeInIndex = 0; path = Pods_SwiftChineseTests.framework; sourceTree = BUILT_PRODUCTS_DIR; };
		60C0D870F4225314E1B3A9D5 /* Pods-SwiftChinese.debug.xcconfig */ = {isa = PBXFileReference; includeInIndex = 1; lastKnownFileType = text.xcconfig; name = "Pods-SwiftChinese.debug.xcconfig"; path = "Pods/Target Support Files/Pods-SwiftChinese/Pods-SwiftChinese.debug.xcconfig"; sourceTree = "<group>"; };
		852574681DFA91260034993D /* String+md5.swift */ = {isa = PBXFileReference; fileEncoding = 4; lastKnownFileType = sourcecode.swift; path = "String+md5.swift"; sourceTree = "<group>"; };
		8525747E1DFD43E90034993D /* DictionaryExport.swift */ = {isa = PBXFileReference; fileEncoding = 4; lastKnownFileType = sourcecode.swift; path = DictionaryExport.swift; sourceTree = "<group>"; };
		852574831DFFB83B0034993D /* DictionaryExportInfo.swift */ = {isa = PBXFileReference; fileEncoding = 4; lastKnownFileType = sourcecode.swift; path = DictionaryExportInfo.swift; sourceTree = "<group>"; };
		852633751DF5D64000621DBA /* Dictionary.swift */ = {isa = PBXFileReference; fileEncoding = 4; lastKnownFileType = sourcecode.swift; path = Dictionary.swift; sourceTree = "<group>"; };
		852633831DF6BB5B00621DBA /* ChineseEntry+CoreDataClass.swift */ = {isa = PBXFileReference; fileEncoding = 4; lastKnownFileType = sourcecode.swift; name = "ChineseEntry+CoreDataClass.swift"; path = "../ChineseEntry+CoreDataClass.swift"; sourceTree = "<group>"; };
		852633841DF6BB5B00621DBA /* ChineseEntry+CoreDataProperties.swift */ = {isa = PBXFileReference; fileEncoding = 4; lastKnownFileType = sourcecode.swift; name = "ChineseEntry+CoreDataProperties.swift"; path = "../ChineseEntry+CoreDataProperties.swift"; sourceTree = "<group>"; };
		852633851DF6BB5B00621DBA /* EnglishEntry+CoreDataClass.swift */ = {isa = PBXFileReference; fileEncoding = 4; lastKnownFileType = sourcecode.swift; name = "EnglishEntry+CoreDataClass.swift"; path = "../EnglishEntry+CoreDataClass.swift"; sourceTree = "<group>"; };
		852633861DF6BB5B00621DBA /* EnglishEntry+CoreDataProperties.swift */ = {isa = PBXFileReference; fileEncoding = 4; lastKnownFileType = sourcecode.swift; name = "EnglishEntry+CoreDataProperties.swift"; path = "../EnglishEntry+CoreDataProperties.swift"; sourceTree = "<group>"; };
		852633871DF6BB5B00621DBA /* Entry+CoreDataClass.swift */ = {isa = PBXFileReference; fileEncoding = 4; lastKnownFileType = sourcecode.swift; name = "Entry+CoreDataClass.swift"; path = "../Entry+CoreDataClass.swift"; sourceTree = "<group>"; };
		852633A21DF7290500621DBA /* Entry+CoreDataProperties.swift */ = {isa = PBXFileReference; fileEncoding = 4; lastKnownFileType = sourcecode.swift; name = "Entry+CoreDataProperties.swift"; path = "../Entry+CoreDataProperties.swift"; sourceTree = "<group>"; };
		852633A51DF8112A00621DBA /* Translation.swift */ = {isa = PBXFileReference; fileEncoding = 4; lastKnownFileType = sourcecode.swift; path = Translation.swift; sourceTree = "<group>"; };
		852633A71DF8171E00621DBA /* Importer.swift */ = {isa = PBXFileReference; fileEncoding = 4; lastKnownFileType = sourcecode.swift; path = Importer.swift; sourceTree = "<group>"; };
		85D299F71DFA8993003895F4 /* CommonCrypto.framework */ = {isa = PBXFileReference; explicitFileType = wrapper.framework; includeInIndex = 0; path = CommonCrypto.framework; sourceTree = BUILT_PRODUCTS_DIR; };
		85D299FA1DFA8993003895F4 /* Info.plist */ = {isa = PBXFileReference; lastKnownFileType = text.plist.xml; path = Info.plist; sourceTree = "<group>"; };
		85D299FF1DFA89C9003895F4 /* CommonCrypto.xcconfig */ = {isa = PBXFileReference; lastKnownFileType = text.xcconfig; path = CommonCrypto.xcconfig; sourceTree = "<group>"; };
		85D29A001DFA89ED003895F4 /* iphoneos.modulemap */ = {isa = PBXFileReference; fileEncoding = 4; lastKnownFileType = "sourcecode.module-map"; path = iphoneos.modulemap; sourceTree = "<group>"; };
		85D29A011DFA8A03003895F4 /* iphonesimulator.modulemap */ = {isa = PBXFileReference; fileEncoding = 4; lastKnownFileType = "sourcecode.module-map"; path = iphonesimulator.modulemap; sourceTree = "<group>"; };
		85D29A021DFA8A1C003895F4 /* macosx.modulemap */ = {isa = PBXFileReference; fileEncoding = 4; lastKnownFileType = "sourcecode.module-map"; path = macosx.modulemap; sourceTree = "<group>"; };
		85F7F19A1DF131FA00F4FBFB /* SwiftChinese.framework */ = {isa = PBXFileReference; explicitFileType = wrapper.framework; includeInIndex = 0; path = SwiftChinese.framework; sourceTree = BUILT_PRODUCTS_DIR; };
		85F7F19D1DF131FA00F4FBFB /* SwiftChinese.h */ = {isa = PBXFileReference; lastKnownFileType = sourcecode.c.h; path = SwiftChinese.h; sourceTree = "<group>"; };
		85F7F19E1DF131FA00F4FBFB /* Info.plist */ = {isa = PBXFileReference; lastKnownFileType = text.plist.xml; path = Info.plist; sourceTree = "<group>"; };
		85F7F1A31DF131FA00F4FBFB /* SwiftChineseTests.xctest */ = {isa = PBXFileReference; explicitFileType = wrapper.cfbundle; includeInIndex = 0; path = SwiftChineseTests.xctest; sourceTree = BUILT_PRODUCTS_DIR; };
		85F7F1A81DF131FA00F4FBFB /* SwiftChineseTests.swift */ = {isa = PBXFileReference; lastKnownFileType = sourcecode.swift; path = SwiftChineseTests.swift; sourceTree = "<group>"; };
		85F7F1AA1DF131FA00F4FBFB /* Info.plist */ = {isa = PBXFileReference; lastKnownFileType = text.plist.xml; path = Info.plist; sourceTree = "<group>"; };
		85F7F1B51DF132BD00F4FBFB /* CoreData.framework */ = {isa = PBXFileReference; lastKnownFileType = wrapper.framework; name = CoreData.framework; path = System/Library/Frameworks/CoreData.framework; sourceTree = SDKROOT; };
		85F7F1B91DF1347D00F4FBFB /* DictionaryModel.xcdatamodel */ = {isa = PBXFileReference; lastKnownFileType = wrapper.xcdatamodel; path = DictionaryModel.xcdatamodel; sourceTree = "<group>"; };
		85F7F1BB1DF134EF00F4FBFB /* DataController.swift */ = {isa = PBXFileReference; fileEncoding = 4; lastKnownFileType = sourcecode.swift; path = DataController.swift; sourceTree = "<group>"; };
		9C7F399531856509D26634D2 /* Pods-SwiftChineseTests.debug.xcconfig */ = {isa = PBXFileReference; includeInIndex = 1; lastKnownFileType = text.xcconfig; name = "Pods-SwiftChineseTests.debug.xcconfig"; path = "Pods/Target Support Files/Pods-SwiftChineseTests/Pods-SwiftChineseTests.debug.xcconfig"; sourceTree = "<group>"; };
		CB58C13352E1E6CE080BE3B6 /* Pods-SwiftChineseTests.release.xcconfig */ = {isa = PBXFileReference; includeInIndex = 1; lastKnownFileType = text.xcconfig; name = "Pods-SwiftChineseTests.release.xcconfig"; path = "Pods/Target Support Files/Pods-SwiftChineseTests/Pods-SwiftChineseTests.release.xcconfig"; sourceTree = "<group>"; };
		CF2469D3B59BB3A4612CB530 /* Pods_CommonCrypto.framework */ = {isa = PBXFileReference; explicitFileType = wrapper.framework; includeInIndex = 0; path = Pods_CommonCrypto.framework; sourceTree = BUILT_PRODUCTS_DIR; };
/* End PBXFileReference section */

/* Begin PBXFrameworksBuildPhase section */
		85D299F31DFA8993003895F4 /* Frameworks */ = {
			isa = PBXFrameworksBuildPhase;
			buildActionMask = 2147483647;
			files = (
			);
			runOnlyForDeploymentPostprocessing = 0;
		};
		85F7F1961DF131FA00F4FBFB /* Frameworks */ = {
			isa = PBXFrameworksBuildPhase;
			buildActionMask = 2147483647;
			files = (
				85F7F1B61DF132BD00F4FBFB /* CoreData.framework in Frameworks */,
				AA88BD07B3CBD7AD3E61E802 /* Pods_SwiftChinese.framework in Frameworks */,
			);
			runOnlyForDeploymentPostprocessing = 0;
		};
		85F7F1A01DF131FA00F4FBFB /* Frameworks */ = {
			isa = PBXFrameworksBuildPhase;
			buildActionMask = 2147483647;
			files = (
				85F7F1A41DF131FA00F4FBFB /* SwiftChinese.framework in Frameworks */,
				1958837BD0AB946A69892DEC /* Pods_SwiftChineseTests.framework in Frameworks */,
			);
			runOnlyForDeploymentPostprocessing = 0;
		};
/* End PBXFrameworksBuildPhase section */

/* Begin PBXGroup section */
		4C72C8DE161C14192F4C4B41 /* Pods */ = {
			isa = PBXGroup;
			children = (
				60C0D870F4225314E1B3A9D5 /* Pods-SwiftChinese.debug.xcconfig */,
				2B5BD186DDAF57476846920D /* Pods-SwiftChinese.release.xcconfig */,
				9C7F399531856509D26634D2 /* Pods-SwiftChineseTests.debug.xcconfig */,
				CB58C13352E1E6CE080BE3B6 /* Pods-SwiftChineseTests.release.xcconfig */,
			);
			name = Pods;
			sourceTree = "<group>";
		};
		8526338F1DF6BB6300621DBA /* NSManagedObject subclasses */ = {
			isa = PBXGroup;
			children = (
				852633831DF6BB5B00621DBA /* ChineseEntry+CoreDataClass.swift */,
				852633841DF6BB5B00621DBA /* ChineseEntry+CoreDataProperties.swift */,
				852633851DF6BB5B00621DBA /* EnglishEntry+CoreDataClass.swift */,
				852633861DF6BB5B00621DBA /* EnglishEntry+CoreDataProperties.swift */,
				852633871DF6BB5B00621DBA /* Entry+CoreDataClass.swift */,
				852633A21DF7290500621DBA /* Entry+CoreDataProperties.swift */,
			);
			name = "NSManagedObject subclasses";
			sourceTree = "<group>";
		};
		85D299F81DFA8993003895F4 /* CommonCrypto */ = {
			isa = PBXGroup;
			children = (
				85D299FA1DFA8993003895F4 /* Info.plist */,
				85D299FF1DFA89C9003895F4 /* CommonCrypto.xcconfig */,
				85D29A001DFA89ED003895F4 /* iphoneos.modulemap */,
				85D29A011DFA8A03003895F4 /* iphonesimulator.modulemap */,
				85D29A021DFA8A1C003895F4 /* macosx.modulemap */,
			);
			path = CommonCrypto;
			sourceTree = "<group>";
		};
		85F7F1901DF131FA00F4FBFB = {
			isa = PBXGroup;
			children = (
				85F7F19C1DF131FA00F4FBFB /* SwiftChinese */,
				85F7F1A71DF131FA00F4FBFB /* SwiftChineseTests */,
				85D299F81DFA8993003895F4 /* CommonCrypto */,
				85F7F19B1DF131FA00F4FBFB /* Products */,
				85F7F1B41DF132BD00F4FBFB /* Frameworks */,
				4C72C8DE161C14192F4C4B41 /* Pods */,
			);
			sourceTree = "<group>";
		};
		85F7F19B1DF131FA00F4FBFB /* Products */ = {
			isa = PBXGroup;
			children = (
				85F7F19A1DF131FA00F4FBFB /* SwiftChinese.framework */,
				85F7F1A31DF131FA00F4FBFB /* SwiftChineseTests.xctest */,
				85D299F71DFA8993003895F4 /* CommonCrypto.framework */,
			);
			name = Products;
			sourceTree = "<group>";
		};
		85F7F19C1DF131FA00F4FBFB /* SwiftChinese */ = {
			isa = PBXGroup;
			children = (
				85F7F19D1DF131FA00F4FBFB /* SwiftChinese.h */,
				852633751DF5D64000621DBA /* Dictionary.swift */,
				852633A71DF8171E00621DBA /* Importer.swift */,
				852633A51DF8112A00621DBA /* Translation.swift */,
				852574831DFFB83B0034993D /* DictionaryExportInfo.swift */,
				8525747E1DFD43E90034993D /* DictionaryExport.swift */,
				85F7F19E1DF131FA00F4FBFB /* Info.plist */,
				85F7F1B71DF1344600F4FBFB /* Core Data */,
				852574681DFA91260034993D /* String+md5.swift */,
			);
			path = SwiftChinese;
			sourceTree = "<group>";
		};
		85F7F1A71DF131FA00F4FBFB /* SwiftChineseTests */ = {
			isa = PBXGroup;
			children = (
				85F7F1A81DF131FA00F4FBFB /* SwiftChineseTests.swift */,
				85F7F1AA1DF131FA00F4FBFB /* Info.plist */,
			);
			path = SwiftChineseTests;
			sourceTree = "<group>";
		};
		85F7F1B41DF132BD00F4FBFB /* Frameworks */ = {
			isa = PBXGroup;
			children = (
				85F7F1B51DF132BD00F4FBFB /* CoreData.framework */,
				CF2469D3B59BB3A4612CB530 /* Pods_CommonCrypto.framework */,
				102D027A0E5903A75A9F2668 /* Pods_SwiftChinese.framework */,
				3E6D13EBF1EAFD920229AEBC /* Pods_SwiftChineseTests.framework */,
			);
			name = Frameworks;
			sourceTree = "<group>";
		};
		85F7F1B71DF1344600F4FBFB /* Core Data */ = {
			isa = PBXGroup;
			children = (
				8526338F1DF6BB6300621DBA /* NSManagedObject subclasses */,
				85F7F1B81DF1347D00F4FBFB /* DictionaryModel.xcdatamodeld */,
				85F7F1BB1DF134EF00F4FBFB /* DataController.swift */,
			);
			name = "Core Data";
			sourceTree = "<group>";
		};
/* End PBXGroup section */

/* Begin PBXHeadersBuildPhase section */
		85D299F41DFA8993003895F4 /* Headers */ = {
			isa = PBXHeadersBuildPhase;
			buildActionMask = 2147483647;
			files = (
			);
			runOnlyForDeploymentPostprocessing = 0;
		};
		85F7F1971DF131FA00F4FBFB /* Headers */ = {
			isa = PBXHeadersBuildPhase;
			buildActionMask = 2147483647;
			files = (
				85F7F1AB1DF131FA00F4FBFB /* SwiftChinese.h in Headers */,
				852574801DFD4CFE0034993D /* DictionaryExport.swift in Headers */,
				852633AA1DF8198400621DBA /* Translation.swift in Headers */,
				852633911DF6CCFE00621DBA /* Dictionary.swift in Headers */,
			);
			runOnlyForDeploymentPostprocessing = 0;
		};
/* End PBXHeadersBuildPhase section */

/* Begin PBXNativeTarget section */
		85D299F61DFA8993003895F4 /* CommonCrypto */ = {
			isa = PBXNativeTarget;
			buildConfigurationList = 85D299FE1DFA8993003895F4 /* Build configuration list for PBXNativeTarget "CommonCrypto" */;
			buildPhases = (
				85D299F21DFA8993003895F4 /* Sources */,
				85D299F31DFA8993003895F4 /* Frameworks */,
				85D299F41DFA8993003895F4 /* Headers */,
				85D299F51DFA8993003895F4 /* Resources */,
			);
			buildRules = (
			);
			dependencies = (
			);
			name = CommonCrypto;
			productName = CommonCrypto;
			productReference = 85D299F71DFA8993003895F4 /* CommonCrypto.framework */;
			productType = "com.apple.product-type.framework";
		};
		85F7F1991DF131FA00F4FBFB /* SwiftChinese */ = {
			isa = PBXNativeTarget;
			buildConfigurationList = 85F7F1AE1DF131FA00F4FBFB /* Build configuration list for PBXNativeTarget "SwiftChinese" */;
			buildPhases = (
				D6C8FAE815627A8D000FC5EB /* [CP] Check Pods Manifest.lock */,
				85F7F1951DF131FA00F4FBFB /* Sources */,
				85F7F1961DF131FA00F4FBFB /* Frameworks */,
				85F7F1971DF131FA00F4FBFB /* Headers */,
				85F7F1981DF131FA00F4FBFB /* Resources */,
				A96652FCEE33E29DA145307A /* [CP] Copy Pods Resources */,
			);
			buildRules = (
			);
			dependencies = (
			);
			name = SwiftChinese;
			productName = SwiftChinese;
			productReference = 85F7F19A1DF131FA00F4FBFB /* SwiftChinese.framework */;
			productType = "com.apple.product-type.framework";
		};
		85F7F1A21DF131FA00F4FBFB /* SwiftChineseTests */ = {
			isa = PBXNativeTarget;
			buildConfigurationList = 85F7F1B11DF131FA00F4FBFB /* Build configuration list for PBXNativeTarget "SwiftChineseTests" */;
			buildPhases = (
				56B75B3F874A7AD76EF9B793 /* [CP] Check Pods Manifest.lock */,
				85F7F19F1DF131FA00F4FBFB /* Sources */,
				85F7F1A01DF131FA00F4FBFB /* Frameworks */,
				85F7F1A11DF131FA00F4FBFB /* Resources */,
				F3C00C017F4A52180BBAE14A /* [CP] Embed Pods Frameworks */,
				50317FC08E4C57F2691ECAA9 /* [CP] Copy Pods Resources */,
			);
			buildRules = (
			);
			dependencies = (
				85F7F1A61DF131FA00F4FBFB /* PBXTargetDependency */,
			);
			name = SwiftChineseTests;
			productName = SwiftChineseTests;
			productReference = 85F7F1A31DF131FA00F4FBFB /* SwiftChineseTests.xctest */;
			productType = "com.apple.product-type.bundle.unit-test";
		};
/* End PBXNativeTarget section */

/* Begin PBXProject section */
		85F7F1911DF131FA00F4FBFB /* Project object */ = {
			isa = PBXProject;
			attributes = {
				LastSwiftUpdateCheck = 0810;
				LastUpgradeCheck = 0810;
				ORGANIZATIONNAME = Klurig;
				TargetAttributes = {
					85D299F61DFA8993003895F4 = {
						CreatedOnToolsVersion = 8.1;
						DevelopmentTeam = N95Z7TWCA8;
						ProvisioningStyle = Automatic;
					};
					85F7F1991DF131FA00F4FBFB = {
						CreatedOnToolsVersion = 8.1;
						DevelopmentTeam = N95Z7TWCA8;
						LastSwiftMigration = 0810;
						ProvisioningStyle = Automatic;
					};
					85F7F1A21DF131FA00F4FBFB = {
						CreatedOnToolsVersion = 8.1;
						DevelopmentTeam = N95Z7TWCA8;
						ProvisioningStyle = Automatic;
					};
				};
			};
			buildConfigurationList = 85F7F1941DF131FA00F4FBFB /* Build configuration list for PBXProject "SwiftChinese" */;
			compatibilityVersion = "Xcode 3.2";
			developmentRegion = English;
			hasScannedForEncodings = 0;
			knownRegions = (
				en,
			);
			mainGroup = 85F7F1901DF131FA00F4FBFB;
			productRefGroup = 85F7F19B1DF131FA00F4FBFB /* Products */;
			projectDirPath = "";
			projectRoot = "";
			targets = (
				85F7F1991DF131FA00F4FBFB /* SwiftChinese */,
				85F7F1A21DF131FA00F4FBFB /* SwiftChineseTests */,
				85D299F61DFA8993003895F4 /* CommonCrypto */,
			);
		};
/* End PBXProject section */

/* Begin PBXResourcesBuildPhase section */
		85D299F51DFA8993003895F4 /* Resources */ = {
			isa = PBXResourcesBuildPhase;
			buildActionMask = 2147483647;
			files = (
			);
			runOnlyForDeploymentPostprocessing = 0;
		};
		85F7F1981DF131FA00F4FBFB /* Resources */ = {
			isa = PBXResourcesBuildPhase;
			buildActionMask = 2147483647;
			files = (
			);
			runOnlyForDeploymentPostprocessing = 0;
		};
		85F7F1A11DF131FA00F4FBFB /* Resources */ = {
			isa = PBXResourcesBuildPhase;
			buildActionMask = 2147483647;
			files = (
			);
			runOnlyForDeploymentPostprocessing = 0;
		};
/* End PBXResourcesBuildPhase section */

/* Begin PBXShellScriptBuildPhase section */
		50317FC08E4C57F2691ECAA9 /* [CP] Copy Pods Resources */ = {
			isa = PBXShellScriptBuildPhase;
			buildActionMask = 2147483647;
			files = (
			);
			inputPaths = (
			);
			name = "[CP] Copy Pods Resources";
			outputPaths = (
			);
			runOnlyForDeploymentPostprocessing = 0;
			shellPath = /bin/sh;
			shellScript = "\"${SRCROOT}/Pods/Target Support Files/Pods-SwiftChineseTests/Pods-SwiftChineseTests-resources.sh\"\n";
			showEnvVarsInLog = 0;
		};
		56B75B3F874A7AD76EF9B793 /* [CP] Check Pods Manifest.lock */ = {
			isa = PBXShellScriptBuildPhase;
			buildActionMask = 2147483647;
			files = (
			);
			inputPaths = (
			);
			name = "[CP] Check Pods Manifest.lock";
			outputPaths = (
			);
			runOnlyForDeploymentPostprocessing = 0;
			shellPath = /bin/sh;
			shellScript = "diff \"${PODS_ROOT}/../Podfile.lock\" \"${PODS_ROOT}/Manifest.lock\" > /dev/null\nif [ $? != 0 ] ; then\n    # print error to STDERR\n    echo \"error: The sandbox is not in sync with the Podfile.lock. Run 'pod install' or update your CocoaPods installation.\" >&2\n    exit 1\nfi\n";
			showEnvVarsInLog = 0;
		};
		A96652FCEE33E29DA145307A /* [CP] Copy Pods Resources */ = {
			isa = PBXShellScriptBuildPhase;
			buildActionMask = 2147483647;
			files = (
			);
			inputPaths = (
			);
			name = "[CP] Copy Pods Resources";
			outputPaths = (
			);
			runOnlyForDeploymentPostprocessing = 0;
			shellPath = /bin/sh;
			shellScript = "\"${SRCROOT}/Pods/Target Support Files/Pods-SwiftChinese/Pods-SwiftChinese-resources.sh\"\n";
			showEnvVarsInLog = 0;
		};
		D6C8FAE815627A8D000FC5EB /* [CP] Check Pods Manifest.lock */ = {
			isa = PBXShellScriptBuildPhase;
			buildActionMask = 2147483647;
			files = (
			);
			inputPaths = (
			);
			name = "[CP] Check Pods Manifest.lock";
			outputPaths = (
			);
			runOnlyForDeploymentPostprocessing = 0;
			shellPath = /bin/sh;
			shellScript = "diff \"${PODS_ROOT}/../Podfile.lock\" \"${PODS_ROOT}/Manifest.lock\" > /dev/null\nif [ $? != 0 ] ; then\n    # print error to STDERR\n    echo \"error: The sandbox is not in sync with the Podfile.lock. Run 'pod install' or update your CocoaPods installation.\" >&2\n    exit 1\nfi\n";
			showEnvVarsInLog = 0;
		};
		F3C00C017F4A52180BBAE14A /* [CP] Embed Pods Frameworks */ = {
			isa = PBXShellScriptBuildPhase;
			buildActionMask = 2147483647;
			files = (
			);
			inputPaths = (
			);
			name = "[CP] Embed Pods Frameworks";
			outputPaths = (
			);
			runOnlyForDeploymentPostprocessing = 0;
			shellPath = /bin/sh;
			shellScript = "\"${SRCROOT}/Pods/Target Support Files/Pods-SwiftChineseTests/Pods-SwiftChineseTests-frameworks.sh\"\n";
			showEnvVarsInLog = 0;
		};
/* End PBXShellScriptBuildPhase section */

/* Begin PBXSourcesBuildPhase section */
		85D299F21DFA8993003895F4 /* Sources */ = {
			isa = PBXSourcesBuildPhase;
			buildActionMask = 2147483647;
			files = (
			);
			runOnlyForDeploymentPostprocessing = 0;
		};
		85F7F1951DF131FA00F4FBFB /* Sources */ = {
			isa = PBXSourcesBuildPhase;
			buildActionMask = 2147483647;
			files = (
				852633891DF6BB5B00621DBA /* ChineseEntry+CoreDataClass.swift in Sources */,
				85F7F1BA1DF1347D00F4FBFB /* DictionaryModel.xcdatamodeld in Sources */,
				8526338D1DF6BB5B00621DBA /* Entry+CoreDataClass.swift in Sources */,
				8526338C1DF6BB5B00621DBA /* EnglishEntry+CoreDataProperties.swift in Sources */,
				852633A31DF7290500621DBA /* Entry+CoreDataProperties.swift in Sources */,
				8525747F1DFD43E90034993D /* DictionaryExport.swift in Sources */,
				852633A81DF8171E00621DBA /* Importer.swift in Sources */,
				852574841DFFB83B0034993D /* DictionaryExportInfo.swift in Sources */,
				8526338B1DF6BB5B00621DBA /* EnglishEntry+CoreDataClass.swift in Sources */,
				8526338A1DF6BB5B00621DBA /* ChineseEntry+CoreDataProperties.swift in Sources */,
				85F7F1BC1DF134EF00F4FBFB /* DataController.swift in Sources */,
				852633761DF5D64000621DBA /* Dictionary.swift in Sources */,
				852633A61DF8112A00621DBA /* Translation.swift in Sources */,
				852574691DFA91260034993D /* String+md5.swift in Sources */,
			);
			runOnlyForDeploymentPostprocessing = 0;
		};
		85F7F19F1DF131FA00F4FBFB /* Sources */ = {
			isa = PBXSourcesBuildPhase;
			buildActionMask = 2147483647;
			files = (
				85F7F1A91DF131FA00F4FBFB /* SwiftChineseTests.swift in Sources */,
			);
			runOnlyForDeploymentPostprocessing = 0;
		};
/* End PBXSourcesBuildPhase section */

/* Begin PBXTargetDependency section */
		85F7F1A61DF131FA00F4FBFB /* PBXTargetDependency */ = {
			isa = PBXTargetDependency;
			target = 85F7F1991DF131FA00F4FBFB /* SwiftChinese */;
			targetProxy = 85F7F1A51DF131FA00F4FBFB /* PBXContainerItemProxy */;
		};
/* End PBXTargetDependency section */

/* Begin XCBuildConfiguration section */
		85D299FC1DFA8993003895F4 /* Debug */ = {
			isa = XCBuildConfiguration;
			baseConfigurationReference = 85D299FF1DFA89C9003895F4 /* CommonCrypto.xcconfig */;
			buildSettings = {
				CODE_SIGN_IDENTITY = "";
				DEFINES_MODULE = YES;
				DEVELOPMENT_TEAM = N95Z7TWCA8;
				DYLIB_COMPATIBILITY_VERSION = 1;
				DYLIB_CURRENT_VERSION = 1;
				DYLIB_INSTALL_NAME_BASE = "@rpath";
				INFOPLIST_FILE = CommonCrypto/Info.plist;
				INSTALL_PATH = "$(LOCAL_LIBRARY_DIR)/Frameworks";
				LD_RUNPATH_SEARCH_PATHS = "$(inherited) @executable_path/Frameworks @loader_path/Frameworks";
				PRODUCT_BUNDLE_IDENTIFIER = com.klurig.CommonCrypto;
				PRODUCT_NAME = "$(TARGET_NAME)";
				SKIP_INSTALL = YES;
				SWIFT_VERSION = 3.0;
			};
			name = Debug;
		};
		85D299FD1DFA8993003895F4 /* Release */ = {
			isa = XCBuildConfiguration;
			baseConfigurationReference = 85D299FF1DFA89C9003895F4 /* CommonCrypto.xcconfig */;
			buildSettings = {
				CODE_SIGN_IDENTITY = "";
				DEFINES_MODULE = YES;
				DEVELOPMENT_TEAM = N95Z7TWCA8;
				DYLIB_COMPATIBILITY_VERSION = 1;
				DYLIB_CURRENT_VERSION = 1;
				DYLIB_INSTALL_NAME_BASE = "@rpath";
				INFOPLIST_FILE = CommonCrypto/Info.plist;
				INSTALL_PATH = "$(LOCAL_LIBRARY_DIR)/Frameworks";
				LD_RUNPATH_SEARCH_PATHS = "$(inherited) @executable_path/Frameworks @loader_path/Frameworks";
				PRODUCT_BUNDLE_IDENTIFIER = com.klurig.CommonCrypto;
				PRODUCT_NAME = "$(TARGET_NAME)";
				SKIP_INSTALL = YES;
				SWIFT_VERSION = 3.0;
			};
			name = Release;
		};
		85F7F1AC1DF131FA00F4FBFB /* Debug */ = {
			isa = XCBuildConfiguration;
			buildSettings = {
				ALWAYS_SEARCH_USER_PATHS = NO;
				CLANG_ANALYZER_NONNULL = YES;
				CLANG_CXX_LANGUAGE_STANDARD = "gnu++0x";
				CLANG_CXX_LIBRARY = "libc++";
				CLANG_ENABLE_MODULES = YES;
				CLANG_ENABLE_OBJC_ARC = YES;
				CLANG_WARN_BOOL_CONVERSION = YES;
				CLANG_WARN_CONSTANT_CONVERSION = YES;
				CLANG_WARN_DIRECT_OBJC_ISA_USAGE = YES_ERROR;
				CLANG_WARN_DOCUMENTATION_COMMENTS = YES;
				CLANG_WARN_EMPTY_BODY = YES;
				CLANG_WARN_ENUM_CONVERSION = YES;
				CLANG_WARN_INFINITE_RECURSION = YES;
				CLANG_WARN_INT_CONVERSION = YES;
				CLANG_WARN_OBJC_ROOT_CLASS = YES_ERROR;
				CLANG_WARN_SUSPICIOUS_MOVES = YES;
				CLANG_WARN_UNREACHABLE_CODE = YES;
				CLANG_WARN__DUPLICATE_METHOD_MATCH = YES;
				"CODE_SIGN_IDENTITY[sdk=iphoneos*]" = "iPhone Developer";
				COPY_PHASE_STRIP = NO;
				CURRENT_PROJECT_VERSION = 1;
				DEBUG_INFORMATION_FORMAT = dwarf;
				ENABLE_STRICT_OBJC_MSGSEND = YES;
				ENABLE_TESTABILITY = YES;
				GCC_C_LANGUAGE_STANDARD = gnu99;
				GCC_DYNAMIC_NO_PIC = NO;
				GCC_NO_COMMON_BLOCKS = YES;
				GCC_OPTIMIZATION_LEVEL = 0;
				GCC_PREPROCESSOR_DEFINITIONS = (
					"DEBUG=1",
					"$(inherited)",
				);
				GCC_WARN_64_TO_32_BIT_CONVERSION = YES;
				GCC_WARN_ABOUT_RETURN_TYPE = YES_ERROR;
				GCC_WARN_UNDECLARED_SELECTOR = YES;
				GCC_WARN_UNINITIALIZED_AUTOS = YES_AGGRESSIVE;
				GCC_WARN_UNUSED_FUNCTION = YES;
				GCC_WARN_UNUSED_VARIABLE = YES;
				IPHONEOS_DEPLOYMENT_TARGET = 10.1;
				MTL_ENABLE_DEBUG_INFO = YES;
				ONLY_ACTIVE_ARCH = YES;
				SDKROOT = iphoneos;
				SWIFT_ACTIVE_COMPILATION_CONDITIONS = DEBUG;
				SWIFT_OPTIMIZATION_LEVEL = "-Onone";
				TARGETED_DEVICE_FAMILY = "1,2";
				VERSIONING_SYSTEM = "apple-generic";
				VERSION_INFO_PREFIX = "";
			};
			name = Debug;
		};
		85F7F1AD1DF131FA00F4FBFB /* Release */ = {
			isa = XCBuildConfiguration;
			buildSettings = {
				ALWAYS_SEARCH_USER_PATHS = NO;
				CLANG_ANALYZER_NONNULL = YES;
				CLANG_CXX_LANGUAGE_STANDARD = "gnu++0x";
				CLANG_CXX_LIBRARY = "libc++";
				CLANG_ENABLE_MODULES = YES;
				CLANG_ENABLE_OBJC_ARC = YES;
				CLANG_WARN_BOOL_CONVERSION = YES;
				CLANG_WARN_CONSTANT_CONVERSION = YES;
				CLANG_WARN_DIRECT_OBJC_ISA_USAGE = YES_ERROR;
				CLANG_WARN_DOCUMENTATION_COMMENTS = YES;
				CLANG_WARN_EMPTY_BODY = YES;
				CLANG_WARN_ENUM_CONVERSION = YES;
				CLANG_WARN_INFINITE_RECURSION = YES;
				CLANG_WARN_INT_CONVERSION = YES;
				CLANG_WARN_OBJC_ROOT_CLASS = YES_ERROR;
				CLANG_WARN_SUSPICIOUS_MOVES = YES;
				CLANG_WARN_UNREACHABLE_CODE = YES;
				CLANG_WARN__DUPLICATE_METHOD_MATCH = YES;
				"CODE_SIGN_IDENTITY[sdk=iphoneos*]" = "iPhone Developer";
				COPY_PHASE_STRIP = NO;
				CURRENT_PROJECT_VERSION = 1;
				DEBUG_INFORMATION_FORMAT = "dwarf-with-dsym";
				ENABLE_NS_ASSERTIONS = NO;
				ENABLE_STRICT_OBJC_MSGSEND = YES;
				GCC_C_LANGUAGE_STANDARD = gnu99;
				GCC_NO_COMMON_BLOCKS = YES;
				GCC_WARN_64_TO_32_BIT_CONVERSION = YES;
				GCC_WARN_ABOUT_RETURN_TYPE = YES_ERROR;
				GCC_WARN_UNDECLARED_SELECTOR = YES;
				GCC_WARN_UNINITIALIZED_AUTOS = YES_AGGRESSIVE;
				GCC_WARN_UNUSED_FUNCTION = YES;
				GCC_WARN_UNUSED_VARIABLE = YES;
				IPHONEOS_DEPLOYMENT_TARGET = 10.1;
				MTL_ENABLE_DEBUG_INFO = NO;
				SDKROOT = iphoneos;
				SWIFT_OPTIMIZATION_LEVEL = "-Owholemodule";
				TARGETED_DEVICE_FAMILY = "1,2";
				VALIDATE_PRODUCT = YES;
				VERSIONING_SYSTEM = "apple-generic";
				VERSION_INFO_PREFIX = "";
			};
			name = Release;
		};
		85F7F1AF1DF131FA00F4FBFB /* Debug */ = {
			isa = XCBuildConfiguration;
			baseConfigurationReference = 60C0D870F4225314E1B3A9D5 /* Pods-SwiftChinese.debug.xcconfig */;
			buildSettings = {
				CLANG_ENABLE_MODULES = YES;
				CODE_SIGN_IDENTITY = "";
				DEFINES_MODULE = YES;
				DEVELOPMENT_TEAM = N95Z7TWCA8;
				DYLIB_COMPATIBILITY_VERSION = 1;
				DYLIB_CURRENT_VERSION = 1;
				DYLIB_INSTALL_NAME_BASE = "@rpath";
				INFOPLIST_FILE = SwiftChinese/Info.plist;
				INSTALL_PATH = "$(LOCAL_LIBRARY_DIR)/Frameworks";
				LD_RUNPATH_SEARCH_PATHS = "$(inherited) @executable_path/Frameworks @loader_path/Frameworks";
				PRODUCT_BUNDLE_IDENTIFIER = com.klurig.SwiftChinese;
				PRODUCT_NAME = "$(TARGET_NAME)";
				SKIP_INSTALL = YES;
				SWIFT_OPTIMIZATION_LEVEL = "-Onone";
				SWIFT_VERSION = 3.0;
			};
			name = Debug;
		};
		85F7F1B01DF131FA00F4FBFB /* Release */ = {
			isa = XCBuildConfiguration;
			baseConfigurationReference = 2B5BD186DDAF57476846920D /* Pods-SwiftChinese.release.xcconfig */;
			buildSettings = {
				CLANG_ENABLE_MODULES = YES;
				CODE_SIGN_IDENTITY = "";
				DEFINES_MODULE = YES;
				DEVELOPMENT_TEAM = N95Z7TWCA8;
				DYLIB_COMPATIBILITY_VERSION = 1;
				DYLIB_CURRENT_VERSION = 1;
				DYLIB_INSTALL_NAME_BASE = "@rpath";
				INFOPLIST_FILE = SwiftChinese/Info.plist;
				INSTALL_PATH = "$(LOCAL_LIBRARY_DIR)/Frameworks";
				LD_RUNPATH_SEARCH_PATHS = "$(inherited) @executable_path/Frameworks @loader_path/Frameworks";
				PRODUCT_BUNDLE_IDENTIFIER = com.klurig.SwiftChinese;
				PRODUCT_NAME = "$(TARGET_NAME)";
				SKIP_INSTALL = YES;
				SWIFT_VERSION = 3.0;
			};
			name = Release;
		};
		85F7F1B21DF131FA00F4FBFB /* Debug */ = {
			isa = XCBuildConfiguration;
			baseConfigurationReference = 9C7F399531856509D26634D2 /* Pods-SwiftChineseTests.debug.xcconfig */;
			buildSettings = {
				ALWAYS_EMBED_SWIFT_STANDARD_LIBRARIES = YES;
				DEVELOPMENT_TEAM = N95Z7TWCA8;
				INFOPLIST_FILE = SwiftChineseTests/Info.plist;
				LD_RUNPATH_SEARCH_PATHS = "$(inherited) @executable_path/Frameworks @loader_path/Frameworks";
				PRODUCT_BUNDLE_IDENTIFIER = com.klurig.SwiftChineseTests;
				PRODUCT_NAME = "$(TARGET_NAME)";
				SWIFT_VERSION = 3.0;
			};
			name = Debug;
		};
		85F7F1B31DF131FA00F4FBFB /* Release */ = {
			isa = XCBuildConfiguration;
			baseConfigurationReference = CB58C13352E1E6CE080BE3B6 /* Pods-SwiftChineseTests.release.xcconfig */;
			buildSettings = {
				ALWAYS_EMBED_SWIFT_STANDARD_LIBRARIES = YES;
				DEVELOPMENT_TEAM = N95Z7TWCA8;
				INFOPLIST_FILE = SwiftChineseTests/Info.plist;
				LD_RUNPATH_SEARCH_PATHS = "$(inherited) @executable_path/Frameworks @loader_path/Frameworks";
				PRODUCT_BUNDLE_IDENTIFIER = com.klurig.SwiftChineseTests;
				PRODUCT_NAME = "$(TARGET_NAME)";
				SWIFT_VERSION = 3.0;
			};
			name = Release;
		};
/* End XCBuildConfiguration section */

/* Begin XCConfigurationList section */
		85D299FE1DFA8993003895F4 /* Build configuration list for PBXNativeTarget "CommonCrypto" */ = {
			isa = XCConfigurationList;
			buildConfigurations = (
				85D299FC1DFA8993003895F4 /* Debug */,
				85D299FD1DFA8993003895F4 /* Release */,
			);
			defaultConfigurationIsVisible = 0;
			defaultConfigurationName = Release;
		};
		85F7F1941DF131FA00F4FBFB /* Build configuration list for PBXProject "SwiftChinese" */ = {
			isa = XCConfigurationList;
			buildConfigurations = (
				85F7F1AC1DF131FA00F4FBFB /* Debug */,
				85F7F1AD1DF131FA00F4FBFB /* Release */,
			);
			defaultConfigurationIsVisible = 0;
			defaultConfigurationName = Release;
		};
		85F7F1AE1DF131FA00F4FBFB /* Build configuration list for PBXNativeTarget "SwiftChinese" */ = {
			isa = XCConfigurationList;
			buildConfigurations = (
				85F7F1AF1DF131FA00F4FBFB /* Debug */,
				85F7F1B01DF131FA00F4FBFB /* Release */,
			);
			defaultConfigurationIsVisible = 0;
			defaultConfigurationName = Release;
		};
		85F7F1B11DF131FA00F4FBFB /* Build configuration list for PBXNativeTarget "SwiftChineseTests" */ = {
			isa = XCConfigurationList;
			buildConfigurations = (
				85F7F1B21DF131FA00F4FBFB /* Debug */,
				85F7F1B31DF131FA00F4FBFB /* Release */,
			);
			defaultConfigurationIsVisible = 0;
			defaultConfigurationName = Release;
		};
/* End XCConfigurationList section */

/* Begin XCVersionGroup section */
		85F7F1B81DF1347D00F4FBFB /* DictionaryModel.xcdatamodeld */ = {
			isa = XCVersionGroup;
			children = (
				85F7F1B91DF1347D00F4FBFB /* DictionaryModel.xcdatamodel */,
			);
			currentVersion = 85F7F1B91DF1347D00F4FBFB /* DictionaryModel.xcdatamodel */;
			path = DictionaryModel.xcdatamodeld;
			sourceTree = "<group>";
			versionGroupType = wrapper.xcdatamodel;
		};
/* End XCVersionGroup section */
	};
	rootObject = 85F7F1911DF131FA00F4FBFB /* Project object */;
}
