// !$*UTF8*$!
{
	archiveVersion = 1;
	classes = {
	};
	objectVersion = 46;
	objects = {

/* Begin PBXBuildFile section */
		852633701DF13A4A00621DBA /* SwiftChinese.framework in Frameworks */ = {isa = PBXBuildFile; fileRef = 85F7F1EF1DF1395100F4FBFB /* SwiftChinese.framework */; };
		852633711DF13A4A00621DBA /* SwiftChinese.framework in Embed Frameworks */ = {isa = PBXBuildFile; fileRef = 85F7F1EF1DF1395100F4FBFB /* SwiftChinese.framework */; settings = {ATTRIBUTES = (CodeSignOnCopy, RemoveHeadersOnCopy, ); }; };
		85F7F1CA1DF1393D00F4FBFB /* AppDelegate.swift in Sources */ = {isa = PBXBuildFile; fileRef = 85F7F1C91DF1393D00F4FBFB /* AppDelegate.swift */; };
		85F7F1CC1DF1393D00F4FBFB /* ViewController.swift in Sources */ = {isa = PBXBuildFile; fileRef = 85F7F1CB1DF1393D00F4FBFB /* ViewController.swift */; };
		85F7F1CF1DF1393D00F4FBFB /* Main.storyboard in Resources */ = {isa = PBXBuildFile; fileRef = 85F7F1CD1DF1393D00F4FBFB /* Main.storyboard */; };
		85F7F1D11DF1393D00F4FBFB /* Assets.xcassets in Resources */ = {isa = PBXBuildFile; fileRef = 85F7F1D01DF1393D00F4FBFB /* Assets.xcassets */; };
		85F7F1D41DF1393D00F4FBFB /* LaunchScreen.storyboard in Resources */ = {isa = PBXBuildFile; fileRef = 85F7F1D21DF1393D00F4FBFB /* LaunchScreen.storyboard */; };
		85F7F1DF1DF1393D00F4FBFB /* SwiftChineseExampleTests.swift in Sources */ = {isa = PBXBuildFile; fileRef = 85F7F1DE1DF1393D00F4FBFB /* SwiftChineseExampleTests.swift */; };
/* End PBXBuildFile section */

/* Begin PBXContainerItemProxy section */
		852574711DFD3D920034993D /* PBXContainerItemProxy */ = {
			isa = PBXContainerItemProxy;
			containerPortal = 8525746A1DFD3D910034993D /* Pods.xcodeproj */;
			proxyType = 2;
			remoteGlobalIDString = 561CDD66D5A3F379740946A2A98C041F;
			remoteInfo = "Pods-CommonCrypto";
		};
		852574731DFD3D920034993D /* PBXContainerItemProxy */ = {
			isa = PBXContainerItemProxy;
			containerPortal = 8525746A1DFD3D910034993D /* Pods.xcodeproj */;
			proxyType = 2;
			remoteGlobalIDString = 1B51124A870FE402AC63457F48B1169C;
			remoteInfo = "Pods-SwiftChinese";
		};
		852574751DFD3D920034993D /* PBXContainerItemProxy */ = {
			isa = PBXContainerItemProxy;
			containerPortal = 8525746A1DFD3D910034993D /* Pods.xcodeproj */;
			proxyType = 2;
			remoteGlobalIDString = 3B1C1C2FB5752D53557FB5A07655297D;
			remoteInfo = "Pods-SwiftChineseTests";
		};
		852574771DFD3D920034993D /* PBXContainerItemProxy */ = {
			isa = PBXContainerItemProxy;
			containerPortal = 8525746A1DFD3D910034993D /* Pods.xcodeproj */;
			proxyType = 2;
			remoteGlobalIDString = 9A1F6192B86DA233090953CED255D602;
			remoteInfo = SSZipArchive;
		};
		8525747B1DFD3D920034993D /* PBXContainerItemProxy */ = {
			isa = PBXContainerItemProxy;
			containerPortal = 85F7F1E91DF1395100F4FBFB /* SwiftChinese.xcodeproj */;
			proxyType = 2;
			remoteGlobalIDString = 85D299F71DFA8993003895F4;
			remoteInfo = CommonCrypto;
		};
		852574811DFD642A0034993D /* PBXContainerItemProxy */ = {
			isa = PBXContainerItemProxy;
			containerPortal = 8525746A1DFD3D910034993D /* Pods.xcodeproj */;
			proxyType = 1;
			remoteGlobalIDString = 989C5494EF933FB19626FAAB0C616929;
			remoteInfo = "Pods-SwiftChinese";
		};
		852633721DF13A4A00621DBA /* PBXContainerItemProxy */ = {
			isa = PBXContainerItemProxy;
			containerPortal = 85F7F1E91DF1395100F4FBFB /* SwiftChinese.xcodeproj */;
			proxyType = 1;
			remoteGlobalIDString = 85F7F1991DF131FA00F4FBFB;
			remoteInfo = SwiftChinese;
		};
		85F7F1DB1DF1393D00F4FBFB /* PBXContainerItemProxy */ = {
			isa = PBXContainerItemProxy;
			containerPortal = 85F7F1BE1DF1393D00F4FBFB /* Project object */;
			proxyType = 1;
			remoteGlobalIDString = 85F7F1C51DF1393D00F4FBFB;
			remoteInfo = SwiftChineseExample;
		};
		85F7F1EE1DF1395100F4FBFB /* PBXContainerItemProxy */ = {
			isa = PBXContainerItemProxy;
			containerPortal = 85F7F1E91DF1395100F4FBFB /* SwiftChinese.xcodeproj */;
			proxyType = 2;
			remoteGlobalIDString = 85F7F19A1DF131FA00F4FBFB;
			remoteInfo = SwiftChinese;
		};
		85F7F1F01DF1395100F4FBFB /* PBXContainerItemProxy */ = {
			isa = PBXContainerItemProxy;
			containerPortal = 85F7F1E91DF1395100F4FBFB /* SwiftChinese.xcodeproj */;
			proxyType = 2;
			remoteGlobalIDString = 85F7F1A31DF131FA00F4FBFB;
			remoteInfo = SwiftChineseTests;
		};
/* End PBXContainerItemProxy section */

/* Begin PBXCopyFilesBuildPhase section */
		852633741DF13A4A00621DBA /* Embed Frameworks */ = {
			isa = PBXCopyFilesBuildPhase;
			buildActionMask = 2147483647;
			dstPath = "";
			dstSubfolderSpec = 10;
			files = (
				852633711DF13A4A00621DBA /* SwiftChinese.framework in Embed Frameworks */,
			);
			name = "Embed Frameworks";
			runOnlyForDeploymentPostprocessing = 0;
		};
/* End PBXCopyFilesBuildPhase section */

/* Begin PBXFileReference section */
		8525746A1DFD3D910034993D /* Pods.xcodeproj */ = {isa = PBXFileReference; lastKnownFileType = "wrapper.pb-project"; name = Pods.xcodeproj; path = ../SwiftChinese/Pods/Pods.xcodeproj; sourceTree = "<group>"; };
		85F7F1C61DF1393D00F4FBFB /* SwiftChineseExample.app */ = {isa = PBXFileReference; explicitFileType = wrapper.application; includeInIndex = 0; path = SwiftChineseExample.app; sourceTree = BUILT_PRODUCTS_DIR; };
		85F7F1C91DF1393D00F4FBFB /* AppDelegate.swift */ = {isa = PBXFileReference; lastKnownFileType = sourcecode.swift; path = AppDelegate.swift; sourceTree = "<group>"; };
		85F7F1CB1DF1393D00F4FBFB /* ViewController.swift */ = {isa = PBXFileReference; lastKnownFileType = sourcecode.swift; path = ViewController.swift; sourceTree = "<group>"; };
		85F7F1CE1DF1393D00F4FBFB /* Base */ = {isa = PBXFileReference; lastKnownFileType = file.storyboard; name = Base; path = Base.lproj/Main.storyboard; sourceTree = "<group>"; };
		85F7F1D01DF1393D00F4FBFB /* Assets.xcassets */ = {isa = PBXFileReference; lastKnownFileType = folder.assetcatalog; path = Assets.xcassets; sourceTree = "<group>"; };
		85F7F1D31DF1393D00F4FBFB /* Base */ = {isa = PBXFileReference; lastKnownFileType = file.storyboard; name = Base; path = Base.lproj/LaunchScreen.storyboard; sourceTree = "<group>"; };
		85F7F1D51DF1393D00F4FBFB /* Info.plist */ = {isa = PBXFileReference; lastKnownFileType = text.plist.xml; path = Info.plist; sourceTree = "<group>"; };
		85F7F1DA1DF1393D00F4FBFB /* SwiftChineseExampleTests.xctest */ = {isa = PBXFileReference; explicitFileType = wrapper.cfbundle; includeInIndex = 0; path = SwiftChineseExampleTests.xctest; sourceTree = BUILT_PRODUCTS_DIR; };
		85F7F1DE1DF1393D00F4FBFB /* SwiftChineseExampleTests.swift */ = {isa = PBXFileReference; lastKnownFileType = sourcecode.swift; path = SwiftChineseExampleTests.swift; sourceTree = "<group>"; };
		85F7F1E01DF1393D00F4FBFB /* Info.plist */ = {isa = PBXFileReference; lastKnownFileType = text.plist.xml; path = Info.plist; sourceTree = "<group>"; };
		85F7F1E91DF1395100F4FBFB /* SwiftChinese.xcodeproj */ = {isa = PBXFileReference; lastKnownFileType = "wrapper.pb-project"; name = SwiftChinese.xcodeproj; path = ../SwiftChinese/SwiftChinese.xcodeproj; sourceTree = "<group>"; };
/* End PBXFileReference section */

/* Begin PBXFrameworksBuildPhase section */
		85F7F1C31DF1393D00F4FBFB /* Frameworks */ = {
			isa = PBXFrameworksBuildPhase;
			buildActionMask = 2147483647;
			files = (
				852633701DF13A4A00621DBA /* SwiftChinese.framework in Frameworks */,
			);
			runOnlyForDeploymentPostprocessing = 0;
		};
		85F7F1D71DF1393D00F4FBFB /* Frameworks */ = {
			isa = PBXFrameworksBuildPhase;
			buildActionMask = 2147483647;
			files = (
			);
			runOnlyForDeploymentPostprocessing = 0;
		};
/* End PBXFrameworksBuildPhase section */

/* Begin PBXGroup section */
		8525746B1DFD3D910034993D /* Products */ = {
			isa = PBXGroup;
			children = (
				852574721DFD3D920034993D /* Pods_CommonCrypto.framework */,
				852574741DFD3D920034993D /* Pods_SwiftChinese.framework */,
				852574761DFD3D920034993D /* Pods_SwiftChineseTests.framework */,
				852574781DFD3D920034993D /* SSZipArchive.framework */,
			);
			name = Products;
			sourceTree = "<group>";
		};
		85F7F1BD1DF1393D00F4FBFB = {
			isa = PBXGroup;
			children = (
				8525746A1DFD3D910034993D /* Pods.xcodeproj */,
				85F7F1E91DF1395100F4FBFB /* SwiftChinese.xcodeproj */,
				85F7F1C81DF1393D00F4FBFB /* SwiftChineseExample */,
				85F7F1DD1DF1393D00F4FBFB /* SwiftChineseExampleTests */,
				85F7F1C71DF1393D00F4FBFB /* Products */,
			);
			sourceTree = "<group>";
		};
		85F7F1C71DF1393D00F4FBFB /* Products */ = {
			isa = PBXGroup;
			children = (
				85F7F1C61DF1393D00F4FBFB /* SwiftChineseExample.app */,
				85F7F1DA1DF1393D00F4FBFB /* SwiftChineseExampleTests.xctest */,
			);
			name = Products;
			sourceTree = "<group>";
		};
		85F7F1C81DF1393D00F4FBFB /* SwiftChineseExample */ = {
			isa = PBXGroup;
			children = (
				85F7F1C91DF1393D00F4FBFB /* AppDelegate.swift */,
				85F7F1CB1DF1393D00F4FBFB /* ViewController.swift */,
				85F7F1CD1DF1393D00F4FBFB /* Main.storyboard */,
				85F7F1D01DF1393D00F4FBFB /* Assets.xcassets */,
				85F7F1D21DF1393D00F4FBFB /* LaunchScreen.storyboard */,
				85F7F1D51DF1393D00F4FBFB /* Info.plist */,
			);
			path = SwiftChineseExample;
			sourceTree = "<group>";
		};
		85F7F1DD1DF1393D00F4FBFB /* SwiftChineseExampleTests */ = {
			isa = PBXGroup;
			children = (
				85F7F1DE1DF1393D00F4FBFB /* SwiftChineseExampleTests.swift */,
				85F7F1E01DF1393D00F4FBFB /* Info.plist */,
			);
			path = SwiftChineseExampleTests;
			sourceTree = "<group>";
		};
		85F7F1EA1DF1395100F4FBFB /* Products */ = {
			isa = PBXGroup;
			children = (
				85F7F1EF1DF1395100F4FBFB /* SwiftChinese.framework */,
				85F7F1F11DF1395100F4FBFB /* SwiftChineseTests.xctest */,
				8525747C1DFD3D920034993D /* CommonCrypto.framework */,
			);
			name = Products;
			sourceTree = "<group>";
		};
/* End PBXGroup section */

/* Begin PBXNativeTarget section */
		85F7F1C51DF1393D00F4FBFB /* SwiftChineseExample */ = {
			isa = PBXNativeTarget;
			buildConfigurationList = 85F7F1E31DF1393D00F4FBFB /* Build configuration list for PBXNativeTarget "SwiftChineseExample" */;
			buildPhases = (
				85F7F1C21DF1393D00F4FBFB /* Sources */,
				85F7F1C31DF1393D00F4FBFB /* Frameworks */,
				85F7F1C41DF1393D00F4FBFB /* Resources */,
				852633741DF13A4A00621DBA /* Embed Frameworks */,
			);
			buildRules = (
			);
			dependencies = (
				852574821DFD642A0034993D /* PBXTargetDependency */,
				852633731DF13A4A00621DBA /* PBXTargetDependency */,
			);
			name = SwiftChineseExample;
			productName = SwiftChineseExample;
			productReference = 85F7F1C61DF1393D00F4FBFB /* SwiftChineseExample.app */;
			productType = "com.apple.product-type.application";
		};
		85F7F1D91DF1393D00F4FBFB /* SwiftChineseExampleTests */ = {
			isa = PBXNativeTarget;
			buildConfigurationList = 85F7F1E61DF1393D00F4FBFB /* Build configuration list for PBXNativeTarget "SwiftChineseExampleTests" */;
			buildPhases = (
				85F7F1D61DF1393D00F4FBFB /* Sources */,
				85F7F1D71DF1393D00F4FBFB /* Frameworks */,
				85F7F1D81DF1393D00F4FBFB /* Resources */,
			);
			buildRules = (
			);
			dependencies = (
				85F7F1DC1DF1393D00F4FBFB /* PBXTargetDependency */,
			);
			name = SwiftChineseExampleTests;
			productName = SwiftChineseExampleTests;
			productReference = 85F7F1DA1DF1393D00F4FBFB /* SwiftChineseExampleTests.xctest */;
			productType = "com.apple.product-type.bundle.unit-test";
		};
/* End PBXNativeTarget section */

/* Begin PBXProject section */
		85F7F1BE1DF1393D00F4FBFB /* Project object */ = {
			isa = PBXProject;
			attributes = {
				LastSwiftUpdateCheck = 0810;
				LastUpgradeCheck = 0810;
				ORGANIZATIONNAME = Klurig;
				TargetAttributes = {
					85F7F1C51DF1393D00F4FBFB = {
						CreatedOnToolsVersion = 8.1;
						DevelopmentTeam = N95Z7TWCA8;
						ProvisioningStyle = Automatic;
					};
					85F7F1D91DF1393D00F4FBFB = {
						CreatedOnToolsVersion = 8.1;
						DevelopmentTeam = N95Z7TWCA8;
						ProvisioningStyle = Automatic;
						TestTargetID = 85F7F1C51DF1393D00F4FBFB;
					};
				};
			};
			buildConfigurationList = 85F7F1C11DF1393D00F4FBFB /* Build configuration list for PBXProject "SwiftChineseExample" */;
			compatibilityVersion = "Xcode 3.2";
			developmentRegion = English;
			hasScannedForEncodings = 0;
			knownRegions = (
				en,
				Base,
			);
			mainGroup = 85F7F1BD1DF1393D00F4FBFB;
			productRefGroup = 85F7F1C71DF1393D00F4FBFB /* Products */;
			projectDirPath = "";
			projectReferences = (
				{
					ProductGroup = 8525746B1DFD3D910034993D /* Products */;
					ProjectRef = 8525746A1DFD3D910034993D /* Pods.xcodeproj */;
				},
				{
					ProductGroup = 85F7F1EA1DF1395100F4FBFB /* Products */;
					ProjectRef = 85F7F1E91DF1395100F4FBFB /* SwiftChinese.xcodeproj */;
				},
			);
			projectRoot = "";
			targets = (
				85F7F1C51DF1393D00F4FBFB /* SwiftChineseExample */,
				85F7F1D91DF1393D00F4FBFB /* SwiftChineseExampleTests */,
			);
		};
/* End PBXProject section */

/* Begin PBXReferenceProxy section */
		852574721DFD3D920034993D /* Pods_CommonCrypto.framework */ = {
			isa = PBXReferenceProxy;
			fileType = wrapper.framework;
			path = Pods_CommonCrypto.framework;
			remoteRef = 852574711DFD3D920034993D /* PBXContainerItemProxy */;
			sourceTree = BUILT_PRODUCTS_DIR;
		};
		852574741DFD3D920034993D /* Pods_SwiftChinese.framework */ = {
			isa = PBXReferenceProxy;
			fileType = wrapper.framework;
			path = Pods_SwiftChinese.framework;
			remoteRef = 852574731DFD3D920034993D /* PBXContainerItemProxy */;
			sourceTree = BUILT_PRODUCTS_DIR;
		};
		852574761DFD3D920034993D /* Pods_SwiftChineseTests.framework */ = {
			isa = PBXReferenceProxy;
			fileType = wrapper.framework;
			path = Pods_SwiftChineseTests.framework;
			remoteRef = 852574751DFD3D920034993D /* PBXContainerItemProxy */;
			sourceTree = BUILT_PRODUCTS_DIR;
		};
		852574781DFD3D920034993D /* SSZipArchive.framework */ = {
			isa = PBXReferenceProxy;
			fileType = wrapper.framework;
			path = SSZipArchive.framework;
			remoteRef = 852574771DFD3D920034993D /* PBXContainerItemProxy */;
			sourceTree = BUILT_PRODUCTS_DIR;
		};
		8525747C1DFD3D920034993D /* CommonCrypto.framework */ = {
			isa = PBXReferenceProxy;
			fileType = wrapper.framework;
			path = CommonCrypto.framework;
			remoteRef = 8525747B1DFD3D920034993D /* PBXContainerItemProxy */;
			sourceTree = BUILT_PRODUCTS_DIR;
		};
		85F7F1EF1DF1395100F4FBFB /* SwiftChinese.framework */ = {
			isa = PBXReferenceProxy;
			fileType = wrapper.framework;
			path = SwiftChinese.framework;
			remoteRef = 85F7F1EE1DF1395100F4FBFB /* PBXContainerItemProxy */;
			sourceTree = BUILT_PRODUCTS_DIR;
		};
		85F7F1F11DF1395100F4FBFB /* SwiftChineseTests.xctest */ = {
			isa = PBXReferenceProxy;
			fileType = wrapper.cfbundle;
			path = SwiftChineseTests.xctest;
			remoteRef = 85F7F1F01DF1395100F4FBFB /* PBXContainerItemProxy */;
			sourceTree = BUILT_PRODUCTS_DIR;
		};
/* End PBXReferenceProxy section */

/* Begin PBXResourcesBuildPhase section */
		85F7F1C41DF1393D00F4FBFB /* Resources */ = {
			isa = PBXResourcesBuildPhase;
			buildActionMask = 2147483647;
			files = (
				85F7F1D41DF1393D00F4FBFB /* LaunchScreen.storyboard in Resources */,
				85F7F1D11DF1393D00F4FBFB /* Assets.xcassets in Resources */,
				85F7F1CF1DF1393D00F4FBFB /* Main.storyboard in Resources */,
			);
			runOnlyForDeploymentPostprocessing = 0;
		};
		85F7F1D81DF1393D00F4FBFB /* Resources */ = {
			isa = PBXResourcesBuildPhase;
			buildActionMask = 2147483647;
			files = (
			);
			runOnlyForDeploymentPostprocessing = 0;
		};
/* End PBXResourcesBuildPhase section */

/* Begin PBXSourcesBuildPhase section */
		85F7F1C21DF1393D00F4FBFB /* Sources */ = {
			isa = PBXSourcesBuildPhase;
			buildActionMask = 2147483647;
			files = (
				85F7F1CC1DF1393D00F4FBFB /* ViewController.swift in Sources */,
				85F7F1CA1DF1393D00F4FBFB /* AppDelegate.swift in Sources */,
			);
			runOnlyForDeploymentPostprocessing = 0;
		};
		85F7F1D61DF1393D00F4FBFB /* Sources */ = {
			isa = PBXSourcesBuildPhase;
			buildActionMask = 2147483647;
			files = (
				85F7F1DF1DF1393D00F4FBFB /* SwiftChineseExampleTests.swift in Sources */,
			);
			runOnlyForDeploymentPostprocessing = 0;
		};
/* End PBXSourcesBuildPhase section */

/* Begin PBXTargetDependency section */
		852574821DFD642A0034993D /* PBXTargetDependency */ = {
			isa = PBXTargetDependency;
			name = "Pods-SwiftChinese";
			targetProxy = 852574811DFD642A0034993D /* PBXContainerItemProxy */;
		};
		852633731DF13A4A00621DBA /* PBXTargetDependency */ = {
			isa = PBXTargetDependency;
			name = SwiftChinese;
			targetProxy = 852633721DF13A4A00621DBA /* PBXContainerItemProxy */;
		};
		85F7F1DC1DF1393D00F4FBFB /* PBXTargetDependency */ = {
			isa = PBXTargetDependency;
			target = 85F7F1C51DF1393D00F4FBFB /* SwiftChineseExample */;
			targetProxy = 85F7F1DB1DF1393D00F4FBFB /* PBXContainerItemProxy */;
		};
/* End PBXTargetDependency section */

/* Begin PBXVariantGroup section */
		85F7F1CD1DF1393D00F4FBFB /* Main.storyboard */ = {
			isa = PBXVariantGroup;
			children = (
				85F7F1CE1DF1393D00F4FBFB /* Base */,
			);
			name = Main.storyboard;
			sourceTree = "<group>";
		};
		85F7F1D21DF1393D00F4FBFB /* LaunchScreen.storyboard */ = {
			isa = PBXVariantGroup;
			children = (
				85F7F1D31DF1393D00F4FBFB /* Base */,
			);
			name = LaunchScreen.storyboard;
			sourceTree = "<group>";
		};
/* End PBXVariantGroup section */

/* Begin XCBuildConfiguration section */
		85F7F1E11DF1393D00F4FBFB /* Debug */ = {
			isa = XCBuildConfiguration;
			buildSettings = {
				ALWAYS_SEARCH_USER_PATHS = NO;
				CLANG_ANALYZER_NONNULL = YES;
				CLANG_CXX_LANGUAGE_STANDARD = "gnu++0x";
				CLANG_CXX_LIBRARY = "libc++";
				CLANG_ENABLE_MODULES = YES;
				CLANG_ENABLE_OBJC_ARC = YES;
				CLANG_WARN_BOOL_CONVERSION = YES;
				CLANG_WARN_CONSTANT_CONVERSION = YES;
				CLANG_WARN_DIRECT_OBJC_ISA_USAGE = YES_ERROR;
				CLANG_WARN_DOCUMENTATION_COMMENTS = YES;
				CLANG_WARN_EMPTY_BODY = YES;
				CLANG_WARN_ENUM_CONVERSION = YES;
				CLANG_WARN_INFINITE_RECURSION = YES;
				CLANG_WARN_INT_CONVERSION = YES;
				CLANG_WARN_OBJC_ROOT_CLASS = YES_ERROR;
				CLANG_WARN_SUSPICIOUS_MOVE = YES;
				CLANG_WARN_SUSPICIOUS_MOVES = YES;
				CLANG_WARN_UNREACHABLE_CODE = YES;
				CLANG_WARN__DUPLICATE_METHOD_MATCH = YES;
				"CODE_SIGN_IDENTITY[sdk=iphoneos*]" = "iPhone Developer";
				COPY_PHASE_STRIP = NO;
				DEBUG_INFORMATION_FORMAT = dwarf;
				ENABLE_STRICT_OBJC_MSGSEND = YES;
				ENABLE_TESTABILITY = YES;
				GCC_C_LANGUAGE_STANDARD = gnu99;
				GCC_DYNAMIC_NO_PIC = NO;
				GCC_NO_COMMON_BLOCKS = YES;
				GCC_OPTIMIZATION_LEVEL = 0;
				GCC_PREPROCESSOR_DEFINITIONS = (
					"DEBUG=1",
					"$(inherited)",
				);
				GCC_WARN_64_TO_32_BIT_CONVERSION = YES;
				GCC_WARN_ABOUT_RETURN_TYPE = YES_ERROR;
				GCC_WARN_UNDECLARED_SELECTOR = YES;
				GCC_WARN_UNINITIALIZED_AUTOS = YES_AGGRESSIVE;
				GCC_WARN_UNUSED_FUNCTION = YES;
				GCC_WARN_UNUSED_VARIABLE = YES;
				IPHONEOS_DEPLOYMENT_TARGET = 10.1;
				MTL_ENABLE_DEBUG_INFO = YES;
				ONLY_ACTIVE_ARCH = YES;
				SDKROOT = iphoneos;
				SWIFT_ACTIVE_COMPILATION_CONDITIONS = DEBUG;
				SWIFT_OPTIMIZATION_LEVEL = "-Onone";
			};
			name = Debug;
		};
		85F7F1E21DF1393D00F4FBFB /* Release */ = {
			isa = XCBuildConfiguration;
			buildSettings = {
				ALWAYS_SEARCH_USER_PATHS = NO;
				CLANG_ANALYZER_NONNULL = YES;
				CLANG_CXX_LANGUAGE_STANDARD = "gnu++0x";
				CLANG_CXX_LIBRARY = "libc++";
				CLANG_ENABLE_MODULES = YES;
				CLANG_ENABLE_OBJC_ARC = YES;
				CLANG_WARN_BOOL_CONVERSION = YES;
				CLANG_WARN_CONSTANT_CONVERSION = YES;
				CLANG_WARN_DIRECT_OBJC_ISA_USAGE = YES_ERROR;
				CLANG_WARN_DOCUMENTATION_COMMENTS = YES;
				CLANG_WARN_EMPTY_BODY = YES;
				CLANG_WARN_ENUM_CONVERSION = YES;
				CLANG_WARN_INFINITE_RECURSION = YES;
				CLANG_WARN_INT_CONVERSION = YES;
				CLANG_WARN_OBJC_ROOT_CLASS = YES_ERROR;
				CLANG_WARN_SUSPICIOUS_MOVE = YES;
				CLANG_WARN_SUSPICIOUS_MOVES = YES;
				CLANG_WARN_UNREACHABLE_CODE = YES;
				CLANG_WARN__DUPLICATE_METHOD_MATCH = YES;
				"CODE_SIGN_IDENTITY[sdk=iphoneos*]" = "iPhone Developer";
				COPY_PHASE_STRIP = NO;
				DEBUG_INFORMATION_FORMAT = "dwarf-with-dsym";
				ENABLE_NS_ASSERTIONS = NO;
				ENABLE_STRICT_OBJC_MSGSEND = YES;
				GCC_C_LANGUAGE_STANDARD = gnu99;
				GCC_NO_COMMON_BLOCKS = YES;
				GCC_WARN_64_TO_32_BIT_CONVERSION = YES;
				GCC_WARN_ABOUT_RETURN_TYPE = YES_ERROR;
				GCC_WARN_UNDECLARED_SELECTOR = YES;
				GCC_WARN_UNINITIALIZED_AUTOS = YES_AGGRESSIVE;
				GCC_WARN_UNUSED_FUNCTION = YES;
				GCC_WARN_UNUSED_VARIABLE = YES;
				IPHONEOS_DEPLOYMENT_TARGET = 10.1;
				MTL_ENABLE_DEBUG_INFO = NO;
				SDKROOT = iphoneos;
				SWIFT_OPTIMIZATION_LEVEL = "-Owholemodule";
				VALIDATE_PRODUCT = YES;
			};
			name = Release;
		};
		85F7F1E41DF1393D00F4FBFB /* Debug */ = {
			isa = XCBuildConfiguration;
			buildSettings = {
				ALWAYS_EMBED_SWIFT_STANDARD_LIBRARIES = YES;
				ASSETCATALOG_COMPILER_APPICON_NAME = AppIcon;
				DEVELOPMENT_TEAM = N95Z7TWCA8;
				HEADER_SEARCH_PATHS = (
					"$(PROJECT_DIR)/Pods/**",
					"$(PROJECT_DIR)/Pods/build/Release$(EFFECTIVE_PLATFORM_NAME)/**",
				);
				INFOPLIST_FILE = SwiftChineseExample/Info.plist;
				LD_RUNPATH_SEARCH_PATHS = "$(inherited) @executable_path/Frameworks";
				LIBRARY_SEARCH_PATHS = "";
				PODS_ROOT = "$(PROJECT_DIR)/Pods";
				PRODUCT_BUNDLE_IDENTIFIER = com.klurig.SwiftChineseExample;
				PRODUCT_NAME = "$(TARGET_NAME)";
				SWIFT_VERSION = 3.0;
			};
			name = Debug;
		};
		85F7F1E51DF1393D00F4FBFB /* Release */ = {
			isa = XCBuildConfiguration;
			buildSettings = {
				ALWAYS_EMBED_SWIFT_STANDARD_LIBRARIES = YES;
				ASSETCATALOG_COMPILER_APPICON_NAME = AppIcon;
				DEVELOPMENT_TEAM = N95Z7TWCA8;
				HEADER_SEARCH_PATHS = (
					"$(PROJECT_DIR)/Pods/**",
					"$(PROJECT_DIR)/Pods/build/Release$(EFFECTIVE_PLATFORM_NAME)/**",
				);
				INFOPLIST_FILE = SwiftChineseExample/Info.plist;
				LD_RUNPATH_SEARCH_PATHS = "$(inherited) @executable_path/Frameworks";
				LIBRARY_SEARCH_PATHS = "";
				PODS_ROOT = "$(PROJECT_DIR)/Pods";
				PRODUCT_BUNDLE_IDENTIFIER = com.klurig.SwiftChineseExample;
				PRODUCT_NAME = "$(TARGET_NAME)";
				SWIFT_VERSION = 3.0;
			};
			name = Release;
		};
		85F7F1E71DF1393D00F4FBFB /* Debug */ = {
			isa = XCBuildConfiguration;
			buildSettings = {
				ALWAYS_EMBED_SWIFT_STANDARD_LIBRARIES = YES;
				BUNDLE_LOADER = "$(TEST_HOST)";
				DEVELOPMENT_TEAM = N95Z7TWCA8;
				INFOPLIST_FILE = SwiftChineseExampleTests/Info.plist;
				LD_RUNPATH_SEARCH_PATHS = "$(inherited) @executable_path/Frameworks @loader_path/Frameworks";
				PRODUCT_BUNDLE_IDENTIFIER = com.klurig.SwiftChineseExampleTests;
				PRODUCT_NAME = "$(TARGET_NAME)";
				SWIFT_VERSION = 3.0;
				TEST_HOST = "$(BUILT_PRODUCTS_DIR)/SwiftChineseExample.app/SwiftChineseExample";
			};
			name = Debug;
		};
		85F7F1E81DF1393D00F4FBFB /* Release */ = {
			isa = XCBuildConfiguration;
			buildSettings = {
				ALWAYS_EMBED_SWIFT_STANDARD_LIBRARIES = YES;
				BUNDLE_LOADER = "$(TEST_HOST)";
				DEVELOPMENT_TEAM = N95Z7TWCA8;
				INFOPLIST_FILE = SwiftChineseExampleTests/Info.plist;
				LD_RUNPATH_SEARCH_PATHS = "$(inherited) @executable_path/Frameworks @loader_path/Frameworks";
				PRODUCT_BUNDLE_IDENTIFIER = com.klurig.SwiftChineseExampleTests;
				PRODUCT_NAME = "$(TARGET_NAME)";
				SWIFT_VERSION = 3.0;
				TEST_HOST = "$(BUILT_PRODUCTS_DIR)/SwiftChineseExample.app/SwiftChineseExample";
			};
			name = Release;
		};
/* End XCBuildConfiguration section */

/* Begin XCConfigurationList section */
		85F7F1C11DF1393D00F4FBFB /* Build configuration list for PBXProject "SwiftChineseExample" */ = {
			isa = XCConfigurationList;
			buildConfigurations = (
				85F7F1E11DF1393D00F4FBFB /* Debug */,
				85F7F1E21DF1393D00F4FBFB /* Release */,
			);
			defaultConfigurationIsVisible = 0;
			defaultConfigurationName = Release;
		};
		85F7F1E31DF1393D00F4FBFB /* Build configuration list for PBXNativeTarget "SwiftChineseExample" */ = {
			isa = XCConfigurationList;
			buildConfigurations = (
				85F7F1E41DF1393D00F4FBFB /* Debug */,
				85F7F1E51DF1393D00F4FBFB /* Release */,
			);
			defaultConfigurationIsVisible = 0;
			defaultConfigurationName = Release;
		};
		85F7F1E61DF1393D00F4FBFB /* Build configuration list for PBXNativeTarget "SwiftChineseExampleTests" */ = {
			isa = XCConfigurationList;
			buildConfigurations = (
				85F7F1E71DF1393D00F4FBFB /* Debug */,
				85F7F1E81DF1393D00F4FBFB /* Release */,
			);
			defaultConfigurationIsVisible = 0;
			defaultConfigurationName = Release;
		};
/* End XCConfigurationList section */
	};
	rootObject = 85F7F1BE1DF1393D00F4FBFB /* Project object */;
}
